
Microsoft Visual Studio Solution File, Format Version 12.00
# Visual Studio 15
VisualStudioVersion = 15.0.27703.2026
MinimumVisualStudioVersion = 10.0.40219.1
Project("{2150E333-8FDC-42A3-9474-1A3956D46DE8}") = "Bootstrapper", "Bootstrapper", "{B92B50C7-02CD-4A59-B355-F0E43FA1E3BE}"
EndProject
Project("{FAE04EC0-301F-11D3-BF4B-00C04F79EFBC}") = "Blog", "Bootstrapper\Blog\Blog.csproj", "{6CB5BFCB-AF4C-4C75-B051-69DC9D691FE3}"
EndProject
Global
	GlobalSection(SolutionConfigurationPlatforms) = preSolution
		Debug|Any CPU = Debug|Any CPU
		Release|Any CPU = Release|Any CPU
	EndGlobalSection
	GlobalSection(ProjectConfigurationPlatforms) = postSolution
		{6CB5BFCB-AF4C-4C75-B051-69DC9D691FE3}.Debug|Any CPU.ActiveCfg = Debug|Any CPU
		{6CB5BFCB-AF4C-4C75-B051-69DC9D691FE3}.Debug|Any CPU.Build.0 = Debug|Any CPU
		{6CB5BFCB-AF4C-4C75-B051-69DC9D691FE3}.Release|Any CPU.ActiveCfg = Release|Any CPU
		{6CB5BFCB-AF4C-4C75-B051-69DC9D691FE3}.Release|Any CPU.Build.0 = Release|Any CPU
	EndGlobalSection
	GlobalSection(SolutionProperties) = preSolution
		HideSolutionNode = FALSE
	EndGlobalSection
	GlobalSection(NestedProjects) = preSolution
		{6CB5BFCB-AF4C-4C75-B051-69DC9D691FE3} = {B92B50C7-02CD-4A59-B355-F0E43FA1E3BE}
	EndGlobalSection
	GlobalSection(ExtensibilityGlobals) = postSolution
		SolutionGuid = {0D0AC808-B81B-4BD0-8FCE-5B9B438D9980}
	EndGlobalSection
EndGlobal
